
Microsoft Visual Studio Solution File, Format Version 12.00
# Visual Studio Version 17
VisualStudioVersion = 17.6.33723.286
MinimumVisualStudioVersion = 10.0.40219.1
Project("{FAE04EC0-301F-11D3-BF4B-00C04F79EFBC}") = "LeaveManagementWeb", "LeaveManagementWeb.csproj", "{C0A1018E-1C82-4EA3-92C7-357F9286CC7F}"
EndProject
Global
	GlobalSection(SolutionConfigurationPlatforms) = preSolution
		Debug|Any CPU = Debug|Any CPU
		Release|Any CPU = Release|Any CPU
	EndGlobalSection
	GlobalSection(ProjectConfigurationPlatforms) = postSolution
		{C0A1018E-1C82-4EA3-92C7-357F9286CC7F}.Debug|Any CPU.ActiveCfg = Debug|Any CPU
		{C0A1018E-1C82-4EA3-92C7-357F9286CC7F}.Debug|Any CPU.Build.0 = Debug|Any CPU
		{C0A1018E-1C82-4EA3-92C7-357F9286CC7F}.Release|Any CPU.ActiveCfg = Release|Any CPU
		{C0A1018E-1C82-4EA3-92C7-357F9286CC7F}.Release|Any CPU.Build.0 = Release|Any CPU
	EndGlobalSection
	GlobalSection(SolutionProperties) = preSolution
		HideSolutionNode = FALSE
	EndGlobalSection
	GlobalSection(ExtensibilityGlobals) = postSolution
		SolutionGuid = {AF7C40E1-7B1E-440B-A943-B7A6E57E4B93}
	EndGlobalSection
EndGlobal
